// !$*UTF8*$!
{
	archiveVersion = 1;
	classes = {
	};
	objectVersion = 48;
	objects = {

/* Begin PBXBuildFile section */
		D1D3138A206248A900BE2F0A /* AppDelegate.m in Sources */ = {isa = PBXBuildFile; fileRef = D1D31389206248A900BE2F0A /* AppDelegate.m */; };
		D1D3138D206248A900BE2F0A /* ViewController.m in Sources */ = {isa = PBXBuildFile; fileRef = D1D3138C206248A900BE2F0A /* ViewController.m */; };
		D1D31390206248A900BE2F0A /* Main.storyboard in Resources */ = {isa = PBXBuildFile; fileRef = D1D3138E206248A900BE2F0A /* Main.storyboard */; };
		D1D31392206248A900BE2F0A /* Assets.xcassets in Resources */ = {isa = PBXBuildFile; fileRef = D1D31391206248A900BE2F0A /* Assets.xcassets */; };
		D1D31395206248A900BE2F0A /* LaunchScreen.storyboard in Resources */ = {isa = PBXBuildFile; fileRef = D1D31393206248A900BE2F0A /* LaunchScreen.storyboard */; };
		D1D31398206248A900BE2F0A /* main.m in Sources */ = {isa = PBXBuildFile; fileRef = D1D31397206248A900BE2F0A /* main.m */; };
		D1D313A2206248A900BE2F0A /* WebViewTests.m in Sources */ = {isa = PBXBuildFile; fileRef = D1D313A1206248A900BE2F0A /* WebViewTests.m */; };
		D1D313AF2062495200BE2F0A /* YHWebView.m in Sources */ = {isa = PBXBuildFile; fileRef = D1D313AE2062495200BE2F0A /* YHWebView.m */; };
		D1D313B6206261A400BE2F0A /* WebViewController.m in Sources */ = {isa = PBXBuildFile; fileRef = D1D313B5206261A400BE2F0A /* WebViewController.m */; };
		D1D313B9206261B200BE2F0A /* YHWebViewJSBridge.m in Sources */ = {isa = PBXBuildFile; fileRef = D1D313B8206261B200BE2F0A /* YHWebViewJSBridge.m */; };
		D1E990EB20635C09000A3C40 /* example.html in Resources */ = {isa = PBXBuildFile; fileRef = D1E990EA20635C09000A3C40 /* example.html */; };
		D1E990EE206391C9000A3C40 /* YHScriptMessage.m in Sources */ = {isa = PBXBuildFile; fileRef = D1E990ED206391C9000A3C40 /* YHScriptMessage.m */; };
		D1E990F120639E24000A3C40 /* NativeHandler.m in Sources */ = {isa = PBXBuildFile; fileRef = D1E990F020639E24000A3C40 /* NativeHandler.m */; };
		D1E990F420639E64000A3C40 /* YHWebViewJSBridge+Addition.m in Sources */ = {isa = PBXBuildFile; fileRef = D1E990F320639E64000A3C40 /* YHWebViewJSBridge+Addition.m */; };
/* End PBXBuildFile section */

/* Begin PBXContainerItemProxy section */
		D1D3139E206248A900BE2F0A /* PBXContainerItemProxy */ = {
			isa = PBXContainerItemProxy;
			containerPortal = D1D3137D206248A900BE2F0A /* Project object */;
			proxyType = 1;
			remoteGlobalIDString = D1D31384206248A900BE2F0A;
			remoteInfo = WebView;
		};
/* End PBXContainerItemProxy section */

/* Begin PBXFileReference section */
		D1D31385206248A900BE2F0A /* WebView.app */ = {isa = PBXFileReference; explicitFileType = wrapper.application; includeInIndex = 0; path = WebView.app; sourceTree = BUILT_PRODUCTS_DIR; };
		D1D31388206248A900BE2F0A /* AppDelegate.h */ = {isa = PBXFileReference; lastKnownFileType = sourcecode.c.h; path = AppDelegate.h; sourceTree = "<group>"; };
		D1D31389206248A900BE2F0A /* AppDelegate.m */ = {isa = PBXFileReference; lastKnownFileType = sourcecode.c.objc; path = AppDelegate.m; sourceTree = "<group>"; };
		D1D3138B206248A900BE2F0A /* ViewController.h */ = {isa = PBXFileReference; lastKnownFileType = sourcecode.c.h; path = ViewController.h; sourceTree = "<group>"; };
		D1D3138C206248A900BE2F0A /* ViewController.m */ = {isa = PBXFileReference; lastKnownFileType = sourcecode.c.objc; path = ViewController.m; sourceTree = "<group>"; };
		D1D3138F206248A900BE2F0A /* Base */ = {isa = PBXFileReference; lastKnownFileType = file.storyboard; name = Base; path = Base.lproj/Main.storyboard; sourceTree = "<group>"; };
		D1D31391206248A900BE2F0A /* Assets.xcassets */ = {isa = PBXFileReference; lastKnownFileType = folder.assetcatalog; path = Assets.xcassets; sourceTree = "<group>"; };
		D1D31394206248A900BE2F0A /* Base */ = {isa = PBXFileReference; lastKnownFileType = file.storyboard; name = Base; path = Base.lproj/LaunchScreen.storyboard; sourceTree = "<group>"; };
		D1D31396206248A900BE2F0A /* Info.plist */ = {isa = PBXFileReference; lastKnownFileType = text.plist.xml; path = Info.plist; sourceTree = "<group>"; };
		D1D31397206248A900BE2F0A /* main.m */ = {isa = PBXFileReference; lastKnownFileType = sourcecode.c.objc; path = main.m; sourceTree = "<group>"; };
		D1D3139D206248A900BE2F0A /* WebViewTests.xctest */ = {isa = PBXFileReference; explicitFileType = wrapper.cfbundle; includeInIndex = 0; path = WebViewTests.xctest; sourceTree = BUILT_PRODUCTS_DIR; };
		D1D313A1206248A900BE2F0A /* WebViewTests.m */ = {isa = PBXFileReference; lastKnownFileType = sourcecode.c.objc; path = WebViewTests.m; sourceTree = "<group>"; };
		D1D313A3206248A900BE2F0A /* Info.plist */ = {isa = PBXFileReference; lastKnownFileType = text.plist.xml; path = Info.plist; sourceTree = "<group>"; };
		D1D313AD2062495200BE2F0A /* YHWebView.h */ = {isa = PBXFileReference; lastKnownFileType = sourcecode.c.h; path = YHWebView.h; sourceTree = "<group>"; };
		D1D313AE2062495200BE2F0A /* YHWebView.m */ = {isa = PBXFileReference; lastKnownFileType = sourcecode.c.objc; path = YHWebView.m; sourceTree = "<group>"; };
		D1D313B4206261A400BE2F0A /* WebViewController.h */ = {isa = PBXFileReference; lastKnownFileType = sourcecode.c.h; path = WebViewController.h; sourceTree = "<group>"; };
		D1D313B5206261A400BE2F0A /* WebViewController.m */ = {isa = PBXFileReference; lastKnownFileType = sourcecode.c.objc; path = WebViewController.m; sourceTree = "<group>"; };
		D1D313B7206261B200BE2F0A /* YHWebViewJSBridge.h */ = {isa = PBXFileReference; lastKnownFileType = sourcecode.c.h; path = YHWebViewJSBridge.h; sourceTree = "<group>"; };
		D1D313B8206261B200BE2F0A /* YHWebViewJSBridge.m */ = {isa = PBXFileReference; lastKnownFileType = sourcecode.c.objc; path = YHWebViewJSBridge.m; sourceTree = "<group>"; };
		D1E990EA20635C09000A3C40 /* example.html */ = {isa = PBXFileReference; lastKnownFileType = text.html; path = example.html; sourceTree = "<group>"; };
		D1E990EC206391C9000A3C40 /* YHScriptMessage.h */ = {isa = PBXFileReference; lastKnownFileType = sourcecode.c.h; path = YHScriptMessage.h; sourceTree = "<group>"; };
		D1E990ED206391C9000A3C40 /* YHScriptMessage.m */ = {isa = PBXFileReference; lastKnownFileType = sourcecode.c.objc; path = YHScriptMessage.m; sourceTree = "<group>"; };
		D1E990EF20639E24000A3C40 /* NativeHandler.h */ = {isa = PBXFileReference; lastKnownFileType = sourcecode.c.h; path = NativeHandler.h; sourceTree = "<group>"; };
		D1E990F020639E24000A3C40 /* NativeHandler.m */ = {isa = PBXFileReference; lastKnownFileType = sourcecode.c.objc; path = NativeHandler.m; sourceTree = "<group>"; };
		D1E990F220639E64000A3C40 /* YHWebViewJSBridge+Addition.h */ = {isa = PBXFileReference; lastKnownFileType = sourcecode.c.h; path = "YHWebViewJSBridge+Addition.h"; sourceTree = "<group>"; };
		D1E990F320639E64000A3C40 /* YHWebViewJSBridge+Addition.m */ = {isa = PBXFileReference; lastKnownFileType = sourcecode.c.objc; path = "YHWebViewJSBridge+Addition.m"; sourceTree = "<group>"; };
		D1E990F52063A8C0000A3C40 /* YHWebViewHeader.h */ = {isa = PBXFileReference; lastKnownFileType = sourcecode.c.h; path = YHWebViewHeader.h; sourceTree = "<group>"; };
/* End PBXFileReference section */

/* Begin PBXFrameworksBuildPhase section */
		D1D31382206248A900BE2F0A /* Frameworks */ = {
			isa = PBXFrameworksBuildPhase;
			buildActionMask = 2147483647;
			files = (
			);
			runOnlyForDeploymentPostprocessing = 0;
		};
		D1D3139A206248A900BE2F0A /* Frameworks */ = {
			isa = PBXFrameworksBuildPhase;
			buildActionMask = 2147483647;
			files = (
			);
			runOnlyForDeploymentPostprocessing = 0;
		};
/* End PBXFrameworksBuildPhase section */

/* Begin PBXGroup section */
		D1D3137C206248A900BE2F0A = {
			isa = PBXGroup;
			children = (
				D1D31387206248A900BE2F0A /* WebView */,
				D1D313A0206248A900BE2F0A /* WebViewTests */,
				D1D31386206248A900BE2F0A /* Products */,
			);
			sourceTree = "<group>";
		};
		D1D31386206248A900BE2F0A /* Products */ = {
			isa = PBXGroup;
			children = (
				D1D31385206248A900BE2F0A /* WebView.app */,
				D1D3139D206248A900BE2F0A /* WebViewTests.xctest */,
			);
			name = Products;
			sourceTree = "<group>";
		};
		D1D31387206248A900BE2F0A /* WebView */ = {
			isa = PBXGroup;
			children = (
				D1D313AC2062492200BE2F0A /* hybrid */,
				D1D31388206248A900BE2F0A /* AppDelegate.h */,
				D1D31389206248A900BE2F0A /* AppDelegate.m */,
				D1D3138B206248A900BE2F0A /* ViewController.h */,
				D1D3138C206248A900BE2F0A /* ViewController.m */,
				D1E990EF20639E24000A3C40 /* NativeHandler.h */,
				D1E990F020639E24000A3C40 /* NativeHandler.m */,
				D1D313B4206261A400BE2F0A /* WebViewController.h */,
				D1D313B5206261A400BE2F0A /* WebViewController.m */,
				D1D3138E206248A900BE2F0A /* Main.storyboard */,
				D1D31391206248A900BE2F0A /* Assets.xcassets */,
				D1D31393206248A900BE2F0A /* LaunchScreen.storyboard */,
				D1D31396206248A900BE2F0A /* Info.plist */,
				D1D31397206248A900BE2F0A /* main.m */,
				D1E990EA20635C09000A3C40 /* example.html */,
			);
			path = WebView;
			sourceTree = "<group>";
		};
		D1D313A0206248A900BE2F0A /* WebViewTests */ = {
			isa = PBXGroup;
			children = (
				D1D313A1206248A900BE2F0A /* WebViewTests.m */,
				D1D313A3206248A900BE2F0A /* Info.plist */,
			);
			path = WebViewTests;
			sourceTree = "<group>";
		};
		D1D313AC2062492200BE2F0A /* hybrid */ = {
			isa = PBXGroup;
			children = (
				D1D313AD2062495200BE2F0A /* YHWebView.h */,
				D1D313AE2062495200BE2F0A /* YHWebView.m */,
				D1E990EC206391C9000A3C40 /* YHScriptMessage.h */,
				D1E990ED206391C9000A3C40 /* YHScriptMessage.m */,
				D1D313B7206261B200BE2F0A /* YHWebViewJSBridge.h */,
				D1D313B8206261B200BE2F0A /* YHWebViewJSBridge.m */,
				D1E990F52063A8C0000A3C40 /* YHWebViewHeader.h */,
				D1E990F220639E64000A3C40 /* YHWebViewJSBridge+Addition.h */,
				D1E990F320639E64000A3C40 /* YHWebViewJSBridge+Addition.m */,
			);
			path = hybrid;
			sourceTree = "<group>";
		};
/* End PBXGroup section */

/* Begin PBXNativeTarget section */
		D1D31384206248A900BE2F0A /* WebView */ = {
			isa = PBXNativeTarget;
			buildConfigurationList = D1D313A6206248A900BE2F0A /* Build configuration list for PBXNativeTarget "WebView" */;
			buildPhases = (
				D1D31381206248A900BE2F0A /* Sources */,
				D1D31382206248A900BE2F0A /* Frameworks */,
				D1D31383206248A900BE2F0A /* Resources */,
			);
			buildRules = (
			);
			dependencies = (
			);
			name = WebView;
			productName = WebView;
			productReference = D1D31385206248A900BE2F0A /* WebView.app */;
			productType = "com.apple.product-type.application";
		};
		D1D3139C206248A900BE2F0A /* WebViewTests */ = {
			isa = PBXNativeTarget;
			buildConfigurationList = D1D313A9206248A900BE2F0A /* Build configuration list for PBXNativeTarget "WebViewTests" */;
			buildPhases = (
				D1D31399206248A900BE2F0A /* Sources */,
				D1D3139A206248A900BE2F0A /* Frameworks */,
				D1D3139B206248A900BE2F0A /* Resources */,
			);
			buildRules = (
			);
			dependencies = (
				D1D3139F206248A900BE2F0A /* PBXTargetDependency */,
			);
			name = WebViewTests;
			productName = WebViewTests;
			productReference = D1D3139D206248A900BE2F0A /* WebViewTests.xctest */;
			productType = "com.apple.product-type.bundle.unit-test";
		};
/* End PBXNativeTarget section */

/* Begin PBXProject section */
		D1D3137D206248A900BE2F0A /* Project object */ = {
			isa = PBXProject;
			attributes = {
				LastUpgradeCheck = 0920;
				ORGANIZATIONNAME = redye.hu;
				TargetAttributes = {
					D1D31384206248A900BE2F0A = {
						CreatedOnToolsVersion = 9.2;
						ProvisioningStyle = Automatic;
					};
					D1D3139C206248A900BE2F0A = {
						CreatedOnToolsVersion = 9.2;
						ProvisioningStyle = Automatic;
						TestTargetID = D1D31384206248A900BE2F0A;
					};
				};
			};
			buildConfigurationList = D1D31380206248A900BE2F0A /* Build configuration list for PBXProject "WebView" */;
			compatibilityVersion = "Xcode 8.0";
			developmentRegion = en;
			hasScannedForEncodings = 0;
			knownRegions = (
				en,
				Base,
			);
			mainGroup = D1D3137C206248A900BE2F0A;
			productRefGroup = D1D31386206248A900BE2F0A /* Products */;
			projectDirPath = "";
			projectRoot = "";
			targets = (
				D1D31384206248A900BE2F0A /* WebView */,
				D1D3139C206248A900BE2F0A /* WebViewTests */,
			);
		};
/* End PBXProject section */

/* Begin PBXResourcesBuildPhase section */
		D1D31383206248A900BE2F0A /* Resources */ = {
			isa = PBXResourcesBuildPhase;
			buildActionMask = 2147483647;
			files = (
				D1D31395206248A900BE2F0A /* LaunchScreen.storyboard in Resources */,
				D1D31392206248A900BE2F0A /* Assets.xcassets in Resources */,
				D1D31390206248A900BE2F0A /* Main.storyboard in Resources */,
				D1E990EB20635C09000A3C40 /* example.html in Resources */,
			);
			runOnlyForDeploymentPostprocessing = 0;
		};
		D1D3139B206248A900BE2F0A /* Resources */ = {
			isa = PBXResourcesBuildPhase;
			buildActionMask = 2147483647;
			files = (
			);
			runOnlyForDeploymentPostprocessing = 0;
		};
/* End PBXResourcesBuildPhase section */

/* Begin PBXSourcesBuildPhase section */
		D1D31381206248A900BE2F0A /* Sources */ = {
			isa = PBXSourcesBuildPhase;
			buildActionMask = 2147483647;
			files = (
				D1D313AF2062495200BE2F0A /* YHWebView.m in Sources */,
				D1D313B6206261A400BE2F0A /* WebViewController.m in Sources */,
				D1D3138D206248A900BE2F0A /* ViewController.m in Sources */,
				D1D31398206248A900BE2F0A /* main.m in Sources */,
				D1D3138A206248A900BE2F0A /* AppDelegate.m in Sources */,
				D1D313B9206261B200BE2F0A /* YHWebViewJSBridge.m in Sources */,
				D1E990EE206391C9000A3C40 /* YHScriptMessage.m in Sources */,
				D1E990F120639E24000A3C40 /* NativeHandler.m in Sources */,
				D1E990F420639E64000A3C40 /* YHWebViewJSBridge+Addition.m in Sources */,
			);
			runOnlyForDeploymentPostprocessing = 0;
		};
		D1D31399206248A900BE2F0A /* Sources */ = {
			isa = PBXSourcesBuildPhase;
			buildActionMask = 2147483647;
			files = (
				D1D313A2206248A900BE2F0A /* WebViewTests.m in Sources */,
			);
			runOnlyForDeploymentPostprocessing = 0;
		};
/* End PBXSourcesBuildPhase section */

/* Begin PBXTargetDependency section */
		D1D3139F206248A900BE2F0A /* PBXTargetDependency */ = {
			isa = PBXTargetDependency;
			target = D1D31384206248A900BE2F0A /* WebView */;
			targetProxy = D1D3139E206248A900BE2F0A /* PBXContainerItemProxy */;
		};
/* End PBXTargetDependency section */

/* Begin PBXVariantGroup section */
		D1D3138E206248A900BE2F0A /* Main.storyboard */ = {
			isa = PBXVariantGroup;
			children = (
				D1D3138F206248A900BE2F0A /* Base */,
			);
			name = Main.storyboard;
			sourceTree = "<group>";
		};
		D1D31393206248A900BE2F0A /* LaunchScreen.storyboard */ = {
			isa = PBXVariantGroup;
			children = (
				D1D31394206248A900BE2F0A /* Base */,
			);
			name = LaunchScreen.storyboard;
			sourceTree = "<group>";
		};
/* End PBXVariantGroup section */

/* Begin XCBuildConfiguration section */
		D1D313A4206248A900BE2F0A /* Debug */ = {
			isa = XCBuildConfiguration;
			buildSettings = {
				ALWAYS_SEARCH_USER_PATHS = NO;
				CLANG_ANALYZER_NONNULL = YES;
				CLANG_ANALYZER_NUMBER_OBJECT_CONVERSION = YES_AGGRESSIVE;
				CLANG_CXX_LANGUAGE_STANDARD = "gnu++14";
				CLANG_CXX_LIBRARY = "libc++";
				CLANG_ENABLE_MODULES = YES;
				CLANG_ENABLE_OBJC_ARC = YES;
				CLANG_WARN_BLOCK_CAPTURE_AUTORELEASING = YES;
				CLANG_WARN_BOOL_CONVERSION = YES;
				CLANG_WARN_COMMA = YES;
				CLANG_WARN_CONSTANT_CONVERSION = YES;
				CLANG_WARN_DIRECT_OBJC_ISA_USAGE = YES_ERROR;
				CLANG_WARN_DOCUMENTATION_COMMENTS = YES;
				CLANG_WARN_EMPTY_BODY = YES;
				CLANG_WARN_ENUM_CONVERSION = YES;
				CLANG_WARN_INFINITE_RECURSION = YES;
				CLANG_WARN_INT_CONVERSION = YES;
				CLANG_WARN_NON_LITERAL_NULL_CONVERSION = YES;
				CLANG_WARN_OBJC_LITERAL_CONVERSION = YES;
				CLANG_WARN_OBJC_ROOT_CLASS = YES_ERROR;
				CLANG_WARN_RANGE_LOOP_ANALYSIS = YES;
				CLANG_WARN_STRICT_PROTOTYPES = YES;
				CLANG_WARN_SUSPICIOUS_MOVE = YES;
				CLANG_WARN_UNGUARDED_AVAILABILITY = YES_AGGRESSIVE;
				CLANG_WARN_UNREACHABLE_CODE = YES;
				CLANG_WARN__DUPLICATE_METHOD_MATCH = YES;
				CODE_SIGN_IDENTITY = "iPhone Developer";
				COPY_PHASE_STRIP = NO;
				DEBUG_INFORMATION_FORMAT = dwarf;
				ENABLE_STRICT_OBJC_MSGSEND = YES;
				ENABLE_TESTABILITY = YES;
				GCC_C_LANGUAGE_STANDARD = gnu11;
				GCC_DYNAMIC_NO_PIC = NO;
				GCC_NO_COMMON_BLOCKS = YES;
				GCC_OPTIMIZATION_LEVEL = 0;
				GCC_PREPROCESSOR_DEFINITIONS = (
					"DEBUG=1",
					"$(inherited)",
				);
				GCC_WARN_64_TO_32_BIT_CONVERSION = YES;
				GCC_WARN_ABOUT_RETURN_TYPE = YES_ERROR;
				GCC_WARN_UNDECLARED_SELECTOR = YES;
				GCC_WARN_UNINITIALIZED_AUTOS = YES_AGGRESSIVE;
				GCC_WARN_UNUSED_FUNCTION = YES;
				GCC_WARN_UNUSED_VARIABLE = YES;
				IPHONEOS_DEPLOYMENT_TARGET = 11.2;
				MTL_ENABLE_DEBUG_INFO = YES;
				ONLY_ACTIVE_ARCH = YES;
				SDKROOT = iphoneos;
			};
			name = Debug;
		};
		D1D313A5206248A900BE2F0A /* Release */ = {
			isa = XCBuildConfiguration;
			buildSettings = {
				ALWAYS_SEARCH_USER_PATHS = NO;
				CLANG_ANALYZER_NONNULL = YES;
				CLANG_ANALYZER_NUMBER_OBJECT_CONVERSION = YES_AGGRESSIVE;
				CLANG_CXX_LANGUAGE_STANDARD = "gnu++14";
				CLANG_CXX_LIBRARY = "libc++";
				CLANG_ENABLE_MODULES = YES;
				CLANG_ENABLE_OBJC_ARC = YES;
				CLANG_WARN_BLOCK_CAPTURE_AUTORELEASING = YES;
				CLANG_WARN_BOOL_CONVERSION = YES;
				CLANG_WARN_COMMA = YES;
				CLANG_WARN_CONSTANT_CONVERSION = YES;
				CLANG_WARN_DIRECT_OBJC_ISA_USAGE = YES_ERROR;
				CLANG_WARN_DOCUMENTATION_COMMENTS = YES;
				CLANG_WARN_EMPTY_BODY = YES;
				CLANG_WARN_ENUM_CONVERSION = YES;
				CLANG_WARN_INFINITE_RECURSION = YES;
				CLANG_WARN_INT_CONVERSION = YES;
				CLANG_WARN_NON_LITERAL_NULL_CONVERSION = YES;
				CLANG_WARN_OBJC_LITERAL_CONVERSION = YES;
				CLANG_WARN_OBJC_ROOT_CLASS = YES_ERROR;
				CLANG_WARN_RANGE_LOOP_ANALYSIS = YES;
				CLANG_WARN_STRICT_PROTOTYPES = YES;
				CLANG_WARN_SUSPICIOUS_MOVE = YES;
				CLANG_WARN_UNGUARDED_AVAILABILITY = YES_AGGRESSIVE;
				CLANG_WARN_UNREACHABLE_CODE = YES;
				CLANG_WARN__DUPLICATE_METHOD_MATCH = YES;
				CODE_SIGN_IDENTITY = "iPhone Developer";
				COPY_PHASE_STRIP = NO;
				DEBUG_INFORMATION_FORMAT = "dwarf-with-dsym";
				ENABLE_NS_ASSERTIONS = NO;
				ENABLE_STRICT_OBJC_MSGSEND = YES;
				GCC_C_LANGUAGE_STANDARD = gnu11;
				GCC_NO_COMMON_BLOCKS = YES;
				GCC_WARN_64_TO_32_BIT_CONVERSION = YES;
				GCC_WARN_ABOUT_RETURN_TYPE = YES_ERROR;
				GCC_WARN_UNDECLARED_SELECTOR = YES;
				GCC_WARN_UNINITIALIZED_AUTOS = YES_AGGRESSIVE;
				GCC_WARN_UNUSED_FUNCTION = YES;
				GCC_WARN_UNUSED_VARIABLE = YES;
				IPHONEOS_DEPLOYMENT_TARGET = 11.2;
				MTL_ENABLE_DEBUG_INFO = NO;
				SDKROOT = iphoneos;
				VALIDATE_PRODUCT = YES;
			};
			name = Release;
		};
		D1D313A7206248A900BE2F0A /* Debug */ = {
			isa = XCBuildConfiguration;
			buildSettings = {
				ASSETCATALOG_COMPILER_APPICON_NAME = AppIcon;
				CODE_SIGN_STYLE = Automatic;
				DEVELOPMENT_TEAM = 58A2U6L78Y;
				INFOPLIST_FILE = WebView/Info.plist;
				LD_RUNPATH_SEARCH_PATHS = "$(inherited) @executable_path/Frameworks";
				PRODUCT_BUNDLE_IDENTIFIER = com.redye.WebView;
				PRODUCT_NAME = "$(TARGET_NAME)";
				TARGETED_DEVICE_FAMILY = "1,2";
			};
			name = Debug;
		};
		D1D313A8206248A900BE2F0A /* Release */ = {
			isa = XCBuildConfiguration;
			buildSettings = {
				ASSETCATALOG_COMPILER_APPICON_NAME = AppIcon;
				CODE_SIGN_STYLE = Automatic;
				DEVELOPMENT_TEAM = 58A2U6L78Y;
				INFOPLIST_FILE = WebView/Info.plist;
				LD_RUNPATH_SEARCH_PATHS = "$(inherited) @executable_path/Frameworks";
				PRODUCT_BUNDLE_IDENTIFIER = com.redye.WebView;
				PRODUCT_NAME = "$(TARGET_NAME)";
				TARGETED_DEVICE_FAMILY = "1,2";
			};
			name = Release;
		};
		D1D313AA206248A900BE2F0A /* Debug */ = {
			isa = XCBuildConfiguration;
			buildSettings = {
				BUNDLE_LOADER = "$(TEST_HOST)";
				CODE_SIGN_STYLE = Automatic;
				DEVELOPMENT_TEAM = 58A2U6L78Y;
				INFOPLIST_FILE = WebViewTests/Info.plist;
				LD_RUNPATH_SEARCH_PATHS = "$(inherited) @executable_path/Frameworks @loader_path/Frameworks";
				PRODUCT_BUNDLE_IDENTIFIER = com.redye.WebViewTests;
				PRODUCT_NAME = "$(TARGET_NAME)";
				TARGETED_DEVICE_FAMILY = "1,2";
				TEST_HOST = "$(BUILT_PRODUCTS_DIR)/WebView.app/WebView";
			};
			name = Debug;
		};
		D1D313AB206248A900BE2F0A /* Release */ = {
			isa = XCBuildConfiguration;
			buildSettings = {
				BUNDLE_LOADER = "$(TEST_HOST)";
				CODE_SIGN_STYLE = Automatic;
				DEVELOPMENT_TEAM = 58A2U6L78Y;
				INFOPLIST_FILE = WebViewTests/Info.plist;
				LD_RUNPATH_SEARCH_PATHS = "$(inherited) @executable_path/Frameworks @loader_path/Frameworks";
				PRODUCT_BUNDLE_IDENTIFIER = com.redye.WebViewTests;
				PRODUCT_NAME = "$(TARGET_NAME)";
				TARGETED_DEVICE_FAMILY = "1,2";
				TEST_HOST = "$(BUILT_PRODUCTS_DIR)/WebView.app/WebView";
			};
			name = Release;
		};
/* End XCBuildConfiguration section */

/* Begin XCConfigurationList section */
		D1D31380206248A900BE2F0A /* Build configuration list for PBXProject "WebView" */ = {
			isa = XCConfigurationList;
			buildConfigurations = (
				D1D313A4206248A900BE2F0A /* Debug */,
				D1D313A5206248A900BE2F0A /* Release */,
			);
			defaultConfigurationIsVisible = 0;
			defaultConfigurationName = Release;
		};
		D1D313A6206248A900BE2F0A /* Build configuration list for PBXNativeTarget "WebView" */ = {
			isa = XCConfigurationList;
			buildConfigurations = (
				D1D313A7206248A900BE2F0A /* Debug */,
				D1D313A8206248A900BE2F0A /* Release */,
			);
			defaultConfigurationIsVisible = 0;
			defaultConfigurationName = Release;
		};
		D1D313A9206248A900BE2F0A /* Build configuration list for PBXNativeTarget "WebViewTests" */ = {
			isa = XCConfigurationList;
			buildConfigurations = (
				D1D313AA206248A900BE2F0A /* Debug */,
				D1D313AB206248A900BE2F0A /* Release */,
			);
			defaultConfigurationIsVisible = 0;
			defaultConfigurationName = Release;
		};
/* End XCConfigurationList section */
	};
	rootObject = D1D3137D206248A900BE2F0A /* Project object */;
}
